
Microsoft Visual Studio Solution File, Format Version 12.00
# Visual Studio 15
VisualStudioVersion = 15.0.28307.572
MinimumVisualStudioVersion = 10.0.40219.1
Project("{8BC9CEB8-8B4A-11D0-8D11-00A0C91BC942}") = "GAME_STG", "GAME_STG.vcxproj", "{5B3EC4D4-E078-4C3D-876A-86E5BE4CB922}"
EndProject
Global
	GlobalSection(SolutionConfigurationPlatforms) = preSolution
		Debug|x64 = Debug|x64
		Debug|x86 = Debug|x86
		Release|x64 = Release|x64
		Release|x86 = Release|x86
	EndGlobalSection
	GlobalSection(ProjectConfigurationPlatforms) = postSolution
		{5B3EC4D4-E078-4C3D-876A-86E5BE4CB922}.Debug|x64.ActiveCfg = Debug|x64
		{5B3EC4D4-E078-4C3D-876A-86E5BE4CB922}.Debug|x64.Build.0 = Debug|x64
		{5B3EC4D4-E078-4C3D-876A-86E5BE4CB922}.Debug|x86.ActiveCfg = Debug|Win32
		{5B3EC4D4-E078-4C3D-876A-86E5BE4CB922}.Debug|x86.Build.0 = Debug|Win32
		{5B3EC4D4-E078-4C3D-876A-86E5BE4CB922}.Release|x64.ActiveCfg = Release|x64
		{5B3EC4D4-E078-4C3D-876A-86E5BE4CB922}.Release|x64.Build.0 = Release|x64
		{5B3EC4D4-E078-4C3D-876A-86E5BE4CB922}.Release|x86.ActiveCfg = Release|Win32
		{5B3EC4D4-E078-4C3D-876A-86E5BE4CB922}.Release|x86.Build.0 = Release|Win32
	EndGlobalSection
	GlobalSection(SolutionProperties) = preSolution
		HideSolutionNode = FALSE
	EndGlobalSection
	GlobalSection(ExtensibilityGlobals) = postSolution
		SolutionGuid = {F719BD69-7636-4F96-9B90-82E8746E2145}
	EndGlobalSection
EndGlobal
